
Microsoft Visual Studio Solution File, Format Version 12.00
# Visual Studio 2015
Project("{FAE04EC0-301F-11D3-BF4B-00C04F79EFBC}") = "Flappy Bird.CSharp", "Flappy Bird.CSharp.csproj", "{75D8C802-C20D-C35D-4DF8-F76C2D678162}"
EndProject
Project("{FAE04EC0-301F-11D3-BF4B-00C04F79EFBC}") = "Flappy Bird.CSharp.Editor", "Flappy Bird.CSharp.Editor.csproj", "{5A8209F8-149B-2894-617E-587D5E629A1F}"
EndProject
Global
	GlobalSection(SolutionConfigurationPlatforms) = preSolution
		Debug|Any CPU = Debug|Any CPU
		Release|Any CPU = Release|Any CPU
	EndGlobalSection
	GlobalSection(ProjectConfigurationPlatforms) = postSolution
		{75D8C802-C20D-C35D-4DF8-F76C2D678162}.Debug|Any CPU.ActiveCfg = Debug|Any CPU
		{75D8C802-C20D-C35D-4DF8-F76C2D678162}.Debug|Any CPU.Build.0 = Debug|Any CPU
		{75D8C802-C20D-C35D-4DF8-F76C2D678162}.Release|Any CPU.ActiveCfg = Release|Any CPU
		{75D8C802-C20D-C35D-4DF8-F76C2D678162}.Release|Any CPU.Build.0 = Release|Any CPU
		{5A8209F8-149B-2894-617E-587D5E629A1F}.Debug|Any CPU.ActiveCfg = Debug|Any CPU
		{5A8209F8-149B-2894-617E-587D5E629A1F}.Debug|Any CPU.Build.0 = Debug|Any CPU
		{5A8209F8-149B-2894-617E-587D5E629A1F}.Release|Any CPU.ActiveCfg = Release|Any CPU
		{5A8209F8-149B-2894-617E-587D5E629A1F}.Release|Any CPU.Build.0 = Release|Any CPU
	EndGlobalSection
	GlobalSection(SolutionProperties) = preSolution
		HideSolutionNode = FALSE
	EndGlobalSection
EndGlobal
